
Microsoft Visual Studio Solution File, Format Version 12.00
# Visual Studio Version 16
VisualStudioVersion = 16.0.30104.148
MinimumVisualStudioVersion = 10.0.40219.1
Project("{8BC9CEB8-8B4A-11D0-8D11-00A0C91BC942}") = "suma_matriz", "suma_matriz.vcxproj", "{74D14512-D677-4F8F-B0D0-BDD8F4967677}"
EndProject
Global
	GlobalSection(SolutionConfigurationPlatforms) = preSolution
		Debug|x64 = Debug|x64
		Release|x64 = Release|x64
	EndGlobalSection
	GlobalSection(ProjectConfigurationPlatforms) = postSolution
		{74D14512-D677-4F8F-B0D0-BDD8F4967677}.Debug|x64.ActiveCfg = Debug|x64
		{74D14512-D677-4F8F-B0D0-BDD8F4967677}.Debug|x64.Build.0 = Debug|x64
		{74D14512-D677-4F8F-B0D0-BDD8F4967677}.Release|x64.ActiveCfg = Release|x64
		{74D14512-D677-4F8F-B0D0-BDD8F4967677}.Release|x64.Build.0 = Release|x64
	EndGlobalSection
	GlobalSection(SolutionProperties) = preSolution
		HideSolutionNode = FALSE
	EndGlobalSection
	GlobalSection(ExtensibilityGlobals) = postSolution
		SolutionGuid = {B7ECA4F5-77EF-4B11-B404-578444161E27}
	EndGlobalSection
EndGlobal
